
Microsoft Visual Studio Solution File, Format Version 12.00
# Visual Studio 2012
Project("{FAE04EC0-301F-11D3-BF4B-00C04F79EFBC}") = "ConsoleSpeech", "ConsoleSpeech\ConsoleSpeech.csproj", "{C252D9AB-43EA-4FFA-8AA3-CF9D88A9FF2E}"
EndProject
Global
	GlobalSection(SolutionConfigurationPlatforms) = preSolution
		Debug|Any CPU = Debug|Any CPU
		Release|Any CPU = Release|Any CPU
	EndGlobalSection
	GlobalSection(ProjectConfigurationPlatforms) = postSolution
		{C252D9AB-43EA-4FFA-8AA3-CF9D88A9FF2E}.Debug|Any CPU.ActiveCfg = Debug|Any CPU
		{C252D9AB-43EA-4FFA-8AA3-CF9D88A9FF2E}.Debug|Any CPU.Build.0 = Debug|Any CPU
		{C252D9AB-43EA-4FFA-8AA3-CF9D88A9FF2E}.Release|Any CPU.ActiveCfg = Release|Any CPU
		{C252D9AB-43EA-4FFA-8AA3-CF9D88A9FF2E}.Release|Any CPU.Build.0 = Release|Any CPU
	EndGlobalSection
	GlobalSection(SolutionProperties) = preSolution
		HideSolutionNode = FALSE
	EndGlobalSection
EndGlobal
